
Microsoft Visual Studio Solution File, Format Version 12.00
# Visual Studio Version 17
VisualStudioVersion = 17.3.32819.101
MinimumVisualStudioVersion = 10.0.40219.1
Project("{2150E333-8FDC-42A3-9474-1A3956D46DE8}") = "src", "src", "{2180113F-6227-419A-A9F7-DF27E4358E37}"
EndProject
Project("{9A19103F-16F7-4668-BE54-9A1E7A4F7556}") = "IdentityServer", "src\IdentityServer\IdentityServer.csproj", "{0B49236D-7D53-4C97-9BC8-C654371F3B83}"
EndProject
Project("{9A19103F-16F7-4668-BE54-9A1E7A4F7556}") = "Api", "src\Api\Api.csproj", "{1A8D1CB3-31A5-4525-8A15-A7C1D9F76D0C}"
EndProject
Project("{9A19103F-16F7-4668-BE54-9A1E7A4F7556}") = "Client", "src\Client\Client.csproj", "{9CF2F9C7-F508-4485-9C5A-33A8B1B2E038}"
EndProject
Project("{2150E333-8FDC-42A3-9474-1A3956D46DE8}") = "Catalog", "Catalog", "{0DF1ADD3-93E4-4207-BDFF-A799DAC6E04F}"
EndProject
Project("{2150E333-8FDC-42A3-9474-1A3956D46DE8}") = "Warehouse", "Warehouse", "{3EC2C296-4572-4F26-8059-3E59CB1AAEF4}"
EndProject
Project("{2150E333-8FDC-42A3-9474-1A3956D46DE8}") = "AccountManagement", "AccountManagement", "{8CD82B29-6608-42E0-BBCF-600069923C99}"
EndProject
Project("{2150E333-8FDC-42A3-9474-1A3956D46DE8}") = "Order", "Order", "{4065BEE3-8B51-4DB0-B983-96ADE7357B47}"
EndProject
Project("{9A19103F-16F7-4668-BE54-9A1E7A4F7556}") = "DummyEcommApp.Catalog.Models", "src\Catalog\DummyEcommApp.Catalog.Models\DummyEcommApp.Catalog.Models.csproj", "{DBF35CB3-50B0-4530-BC3C-8A85C20ACB16}"
EndProject
Project("{2150E333-8FDC-42A3-9474-1A3956D46DE8}") = "Common", "Common", "{E0D6A0B8-A92D-4A97-A1E1-3904D1D9C7D1}"
EndProject
Project("{9A19103F-16F7-4668-BE54-9A1E7A4F7556}") = "DummyEcommApp.Catalog.DataAccess", "src\Catalog\DummyEcommApp.Catalog.DataAccess\DummyEcommApp.Catalog.DataAccess.csproj", "{B0ADA424-6011-497B-A743-E0FAE0697E7B}"
EndProject
Project("{9A19103F-16F7-4668-BE54-9A1E7A4F7556}") = "DummyEcommApp.Common.Models", "src\Common\DummyEcommApp.Common.Models\DummyEcommApp.Common.Models.csproj", "{9ADBECCC-CE16-4CA5-BA65-EB64CA88902A}"
EndProject
Project("{9A19103F-16F7-4668-BE54-9A1E7A4F7556}") = "DummyEcommApp.Catalog.DataAccess.Interfaces", "src\Catalog\DummyEcommApp.Catalog.DataAccess.Interfaces\DummyEcommApp.Catalog.DataAccess.Interfaces.csproj", "{638BEB62-7A00-4728-8C72-851C0E39E797}"
EndProject
Project("{9A19103F-16F7-4668-BE54-9A1E7A4F7556}") = "DummyEcommApp.Common.DataAccess", "src\Common\DummyEcommApp.Common.DataAccess\DummyEcommApp.Common.DataAccess.csproj", "{3E8DFE3D-3AAA-46EE-B003-95FC91D2C4C4}"
EndProject
Project("{9A19103F-16F7-4668-BE54-9A1E7A4F7556}") = "DummyEcommApp.Common.DataAccess.Interfaces", "src\Common\DummyEcommApp.Common.DataAccess.Interfaces\DummyEcommApp.Common.DataAccess.Interfaces.csproj", "{8702EDC7-6E02-4845-93E9-91AA16826B2F}"
EndProject
Project("{9A19103F-16F7-4668-BE54-9A1E7A4F7556}") = "DummyEcommApp.Catalog.Api", "src\Catalog\DummyEcommApp.Catalog.Api\DummyEcommApp.Catalog.Api.csproj", "{8B990A09-621E-4D4D-ADC3-3A2D7708C61B}"
EndProject
Global
	GlobalSection(SolutionConfigurationPlatforms) = preSolution
		Debug|Any CPU = Debug|Any CPU
		Release|Any CPU = Release|Any CPU
	EndGlobalSection
	GlobalSection(ProjectConfigurationPlatforms) = postSolution
		{0B49236D-7D53-4C97-9BC8-C654371F3B83}.Debug|Any CPU.ActiveCfg = Debug|Any CPU
		{0B49236D-7D53-4C97-9BC8-C654371F3B83}.Debug|Any CPU.Build.0 = Debug|Any CPU
		{0B49236D-7D53-4C97-9BC8-C654371F3B83}.Release|Any CPU.ActiveCfg = Release|Any CPU
		{0B49236D-7D53-4C97-9BC8-C654371F3B83}.Release|Any CPU.Build.0 = Release|Any CPU
		{1A8D1CB3-31A5-4525-8A15-A7C1D9F76D0C}.Debug|Any CPU.ActiveCfg = Debug|Any CPU
		{1A8D1CB3-31A5-4525-8A15-A7C1D9F76D0C}.Debug|Any CPU.Build.0 = Debug|Any CPU
		{1A8D1CB3-31A5-4525-8A15-A7C1D9F76D0C}.Release|Any CPU.ActiveCfg = Release|Any CPU
		{1A8D1CB3-31A5-4525-8A15-A7C1D9F76D0C}.Release|Any CPU.Build.0 = Release|Any CPU
		{9CF2F9C7-F508-4485-9C5A-33A8B1B2E038}.Debug|Any CPU.ActiveCfg = Debug|Any CPU
		{9CF2F9C7-F508-4485-9C5A-33A8B1B2E038}.Debug|Any CPU.Build.0 = Debug|Any CPU
		{9CF2F9C7-F508-4485-9C5A-33A8B1B2E038}.Release|Any CPU.ActiveCfg = Release|Any CPU
		{9CF2F9C7-F508-4485-9C5A-33A8B1B2E038}.Release|Any CPU.Build.0 = Release|Any CPU
		{DBF35CB3-50B0-4530-BC3C-8A85C20ACB16}.Debug|Any CPU.ActiveCfg = Debug|Any CPU
		{DBF35CB3-50B0-4530-BC3C-8A85C20ACB16}.Debug|Any CPU.Build.0 = Debug|Any CPU
		{DBF35CB3-50B0-4530-BC3C-8A85C20ACB16}.Release|Any CPU.ActiveCfg = Release|Any CPU
		{DBF35CB3-50B0-4530-BC3C-8A85C20ACB16}.Release|Any CPU.Build.0 = Release|Any CPU
		{B0ADA424-6011-497B-A743-E0FAE0697E7B}.Debug|Any CPU.ActiveCfg = Debug|Any CPU
		{B0ADA424-6011-497B-A743-E0FAE0697E7B}.Debug|Any CPU.Build.0 = Debug|Any CPU
		{B0ADA424-6011-497B-A743-E0FAE0697E7B}.Release|Any CPU.ActiveCfg = Release|Any CPU
		{B0ADA424-6011-497B-A743-E0FAE0697E7B}.Release|Any CPU.Build.0 = Release|Any CPU
		{9ADBECCC-CE16-4CA5-BA65-EB64CA88902A}.Debug|Any CPU.ActiveCfg = Debug|Any CPU
		{9ADBECCC-CE16-4CA5-BA65-EB64CA88902A}.Debug|Any CPU.Build.0 = Debug|Any CPU
		{9ADBECCC-CE16-4CA5-BA65-EB64CA88902A}.Release|Any CPU.ActiveCfg = Release|Any CPU
		{9ADBECCC-CE16-4CA5-BA65-EB64CA88902A}.Release|Any CPU.Build.0 = Release|Any CPU
		{638BEB62-7A00-4728-8C72-851C0E39E797}.Debug|Any CPU.ActiveCfg = Debug|Any CPU
		{638BEB62-7A00-4728-8C72-851C0E39E797}.Debug|Any CPU.Build.0 = Debug|Any CPU
		{638BEB62-7A00-4728-8C72-851C0E39E797}.Release|Any CPU.ActiveCfg = Release|Any CPU
		{638BEB62-7A00-4728-8C72-851C0E39E797}.Release|Any CPU.Build.0 = Release|Any CPU
		{3E8DFE3D-3AAA-46EE-B003-95FC91D2C4C4}.Debug|Any CPU.ActiveCfg = Debug|Any CPU
		{3E8DFE3D-3AAA-46EE-B003-95FC91D2C4C4}.Debug|Any CPU.Build.0 = Debug|Any CPU
		{3E8DFE3D-3AAA-46EE-B003-95FC91D2C4C4}.Release|Any CPU.ActiveCfg = Release|Any CPU
		{3E8DFE3D-3AAA-46EE-B003-95FC91D2C4C4}.Release|Any CPU.Build.0 = Release|Any CPU
		{8702EDC7-6E02-4845-93E9-91AA16826B2F}.Debug|Any CPU.ActiveCfg = Debug|Any CPU
		{8702EDC7-6E02-4845-93E9-91AA16826B2F}.Debug|Any CPU.Build.0 = Debug|Any CPU
		{8702EDC7-6E02-4845-93E9-91AA16826B2F}.Release|Any CPU.ActiveCfg = Release|Any CPU
		{8702EDC7-6E02-4845-93E9-91AA16826B2F}.Release|Any CPU.Build.0 = Release|Any CPU
		{8B990A09-621E-4D4D-ADC3-3A2D7708C61B}.Debug|Any CPU.ActiveCfg = Debug|Any CPU
		{8B990A09-621E-4D4D-ADC3-3A2D7708C61B}.Debug|Any CPU.Build.0 = Debug|Any CPU
		{8B990A09-621E-4D4D-ADC3-3A2D7708C61B}.Release|Any CPU.ActiveCfg = Release|Any CPU
		{8B990A09-621E-4D4D-ADC3-3A2D7708C61B}.Release|Any CPU.Build.0 = Release|Any CPU
	EndGlobalSection
	GlobalSection(SolutionProperties) = preSolution
		HideSolutionNode = FALSE
	EndGlobalSection
	GlobalSection(NestedProjects) = preSolution
		{0B49236D-7D53-4C97-9BC8-C654371F3B83} = {2180113F-6227-419A-A9F7-DF27E4358E37}
		{1A8D1CB3-31A5-4525-8A15-A7C1D9F76D0C} = {2180113F-6227-419A-A9F7-DF27E4358E37}
		{9CF2F9C7-F508-4485-9C5A-33A8B1B2E038} = {2180113F-6227-419A-A9F7-DF27E4358E37}
		{0DF1ADD3-93E4-4207-BDFF-A799DAC6E04F} = {2180113F-6227-419A-A9F7-DF27E4358E37}
		{3EC2C296-4572-4F26-8059-3E59CB1AAEF4} = {2180113F-6227-419A-A9F7-DF27E4358E37}
		{8CD82B29-6608-42E0-BBCF-600069923C99} = {2180113F-6227-419A-A9F7-DF27E4358E37}
		{4065BEE3-8B51-4DB0-B983-96ADE7357B47} = {2180113F-6227-419A-A9F7-DF27E4358E37}
		{DBF35CB3-50B0-4530-BC3C-8A85C20ACB16} = {0DF1ADD3-93E4-4207-BDFF-A799DAC6E04F}
		{E0D6A0B8-A92D-4A97-A1E1-3904D1D9C7D1} = {2180113F-6227-419A-A9F7-DF27E4358E37}
		{B0ADA424-6011-497B-A743-E0FAE0697E7B} = {0DF1ADD3-93E4-4207-BDFF-A799DAC6E04F}
		{9ADBECCC-CE16-4CA5-BA65-EB64CA88902A} = {E0D6A0B8-A92D-4A97-A1E1-3904D1D9C7D1}
		{638BEB62-7A00-4728-8C72-851C0E39E797} = {0DF1ADD3-93E4-4207-BDFF-A799DAC6E04F}
		{3E8DFE3D-3AAA-46EE-B003-95FC91D2C4C4} = {E0D6A0B8-A92D-4A97-A1E1-3904D1D9C7D1}
		{8702EDC7-6E02-4845-93E9-91AA16826B2F} = {E0D6A0B8-A92D-4A97-A1E1-3904D1D9C7D1}
		{8B990A09-621E-4D4D-ADC3-3A2D7708C61B} = {0DF1ADD3-93E4-4207-BDFF-A799DAC6E04F}
	EndGlobalSection
	GlobalSection(ExtensibilityGlobals) = postSolution
		SolutionGuid = {6FE67603-1DFA-494B-8A41-9ECB5A4AE3E8}
	EndGlobalSection
EndGlobal
