
Microsoft Visual Studio Solution File, Format Version 12.00
# Visual Studio Version 17
VisualStudioVersion = 17.3.32819.101
MinimumVisualStudioVersion = 10.0.40219.1
Project("{2150E333-8FDC-42A3-9474-1A3956D46DE8}") = "src", "src", "{2180113F-6227-419A-A9F7-DF27E4358E37}"
EndProject
Project("{9A19103F-16F7-4668-BE54-9A1E7A4F7556}") = "IdentityServer", "src\IdentityServer\IdentityServer.csproj", "{0B49236D-7D53-4C97-9BC8-C654371F3B83}"
EndProject
Project("{FAE04EC0-301F-11D3-BF4B-00C04F79EFBC}") = "Api", "src\Api\Api.csproj", "{1A8D1CB3-31A5-4525-8A15-A7C1D9F76D0C}"
EndProject
Project("{FAE04EC0-301F-11D3-BF4B-00C04F79EFBC}") = "Client", "src\Client\Client.csproj", "{9CF2F9C7-F508-4485-9C5A-33A8B1B2E038}"
EndProject
Global
	GlobalSection(SolutionConfigurationPlatforms) = preSolution
		Debug|Any CPU = Debug|Any CPU
		Release|Any CPU = Release|Any CPU
	EndGlobalSection
	GlobalSection(ProjectConfigurationPlatforms) = postSolution
		{0B49236D-7D53-4C97-9BC8-C654371F3B83}.Debug|Any CPU.ActiveCfg = Debug|Any CPU
		{0B49236D-7D53-4C97-9BC8-C654371F3B83}.Debug|Any CPU.Build.0 = Debug|Any CPU
		{0B49236D-7D53-4C97-9BC8-C654371F3B83}.Release|Any CPU.ActiveCfg = Release|Any CPU
		{0B49236D-7D53-4C97-9BC8-C654371F3B83}.Release|Any CPU.Build.0 = Release|Any CPU
		{1A8D1CB3-31A5-4525-8A15-A7C1D9F76D0C}.Debug|Any CPU.ActiveCfg = Debug|Any CPU
		{1A8D1CB3-31A5-4525-8A15-A7C1D9F76D0C}.Debug|Any CPU.Build.0 = Debug|Any CPU
		{1A8D1CB3-31A5-4525-8A15-A7C1D9F76D0C}.Release|Any CPU.ActiveCfg = Release|Any CPU
		{1A8D1CB3-31A5-4525-8A15-A7C1D9F76D0C}.Release|Any CPU.Build.0 = Release|Any CPU
		{9CF2F9C7-F508-4485-9C5A-33A8B1B2E038}.Debug|Any CPU.ActiveCfg = Debug|Any CPU
		{9CF2F9C7-F508-4485-9C5A-33A8B1B2E038}.Debug|Any CPU.Build.0 = Debug|Any CPU
		{9CF2F9C7-F508-4485-9C5A-33A8B1B2E038}.Release|Any CPU.ActiveCfg = Release|Any CPU
		{9CF2F9C7-F508-4485-9C5A-33A8B1B2E038}.Release|Any CPU.Build.0 = Release|Any CPU
	EndGlobalSection
	GlobalSection(SolutionProperties) = preSolution
		HideSolutionNode = FALSE
	EndGlobalSection
	GlobalSection(NestedProjects) = preSolution
		{0B49236D-7D53-4C97-9BC8-C654371F3B83} = {2180113F-6227-419A-A9F7-DF27E4358E37}
		{1A8D1CB3-31A5-4525-8A15-A7C1D9F76D0C} = {2180113F-6227-419A-A9F7-DF27E4358E37}
		{9CF2F9C7-F508-4485-9C5A-33A8B1B2E038} = {2180113F-6227-419A-A9F7-DF27E4358E37}
	EndGlobalSection
	GlobalSection(ExtensibilityGlobals) = postSolution
		SolutionGuid = {6FE67603-1DFA-494B-8A41-9ECB5A4AE3E8}
	EndGlobalSection
EndGlobal
